github.com/remisb/go-error-trace v0.0.0-20260607132049-e609dc64ad9a h1:m0/xtahHsTHGpjzyMzRfGFhIVHDPANga2ho9MszFw64=
github.com/remisb/go-error-trace v0.0.0-20260607132049-e609dc64ad9a/go.mod h1:yndulbmGrRyzod2i/me1OuiB5DdjuZQVUh70SXmb0fU=
github.com/remisb/muxstack v0.0.0-20260610201132-1069ab1b0387 h1:ttLB/+mz6F7vwCV+atcnumAgegAtICrmZ2Ok8qyAUpE=
github.com/remisb/muxstack v0.0.0-20260610201132-1069ab1b0387/go.mod h1:3cD7j0WEnRlC56YCHzRdhFhQCtC5J5HqB89+ESXAkJQ=
